// !$*UTF8*$!
{
	archiveVersion = 1;
	classes = {
	};
	objectVersion = 50;
	objects = {

/* Begin PBXBuildFile section */
		645B1984255BF9B900175F7C /* main.swift in Sources */ = {isa = PBXBuildFile; fileRef = 645B1983255BF9B900175F7C /* main.swift */; };
		646C3A4C256533BE00643562 /* UnknownTest.swift in Sources */ = {isa = PBXBuildFile; fileRef = 646C3A4B256533BE00643562 /* UnknownTest.swift */; };
		646C3A52256533F600643562 /* Unknown.swift in Sources */ = {isa = PBXBuildFile; fileRef = 646C3A51256533F600643562 /* Unknown.swift */; };
		646F4C4D255EAB2400BE30EE /* StandardAlgorithm.xctest in Resources */ = {isa = PBXBuildFile; fileRef = 646F4C41255EAABA00BE30EE /* StandardAlgorithm.xctest */; };
		646F4C6E255EABD900BE30EE /* StandardAlgorithmsTest.swift in Sources */ = {isa = PBXBuildFile; fileRef = 646F4C6D255EABD900BE30EE /* StandardAlgorithmsTest.swift */; };
		646F4C78255EABF500BE30EE /* SortingTest.swift in Sources */ = {isa = PBXBuildFile; fileRef = 646F4C77255EABF500BE30EE /* SortingTest.swift */; };
		646F4C82255EACC200BE30EE /* Sorting.swift in Sources */ = {isa = PBXBuildFile; fileRef = 646F4C81255EACC200BE30EE /* Sorting.swift */; };
		646F4C87255EAD0700BE30EE /* Sorting.swift in Sources */ = {isa = PBXBuildFile; fileRef = 646F4C81255EACC200BE30EE /* Sorting.swift */; };
		64DDAA342563D07D004372AD /* Searching.swift in Sources */ = {isa = PBXBuildFile; fileRef = 64DDAA332563D07D004372AD /* Searching.swift */; };
		6660412325642F0E001B6BCE /* SearchingTest.swift in Sources */ = {isa = PBXBuildFile; fileRef = 6660412225642F0E001B6BCE /* SearchingTest.swift */; };
		666FAAC72569723E0000D2D3 /* main.swift in Sources */ = {isa = PBXBuildFile; fileRef = 645B1983255BF9B900175F7C /* main.swift */; };
		66F39D6525667857007B25FB /* Unknown.swift in Sources */ = {isa = PBXBuildFile; fileRef = 646C3A51256533F600643562 /* Unknown.swift */; };
		66F9B55D2565796100AF517E /* Searching.swift in Sources */ = {isa = PBXBuildFile; fileRef = 64DDAA332563D07D004372AD /* Searching.swift */; };
/* End PBXBuildFile section */

/* Begin PBXCopyFilesBuildPhase section */
		645B197E255BF9B800175F7C /* CopyFiles */ = {
			isa = PBXCopyFilesBuildPhase;
			buildActionMask = 2147483647;
			dstPath = /usr/share/man/man1/;
			dstSubfolderSpec = 0;
			files = (
			);
			runOnlyForDeploymentPostprocessing = 1;
		};
/* End PBXCopyFilesBuildPhase section */

/* Begin PBXFileReference section */
		645B1980255BF9B900175F7C /* StandardAlgorithms */ = {isa = PBXFileReference; explicitFileType = "compiled.mach-o.executable"; includeInIndex = 0; path = StandardAlgorithms; sourceTree = BUILT_PRODUCTS_DIR; };
		645B1983255BF9B900175F7C /* main.swift */ = {isa = PBXFileReference; lastKnownFileType = sourcecode.swift; path = main.swift; sourceTree = "<group>"; };
		646C3A4B256533BE00643562 /* UnknownTest.swift */ = {isa = PBXFileReference; lastKnownFileType = sourcecode.swift; path = UnknownTest.swift; sourceTree = "<group>"; };
		646C3A51256533F600643562 /* Unknown.swift */ = {isa = PBXFileReference; lastKnownFileType = sourcecode.swift; path = Unknown.swift; sourceTree = "<group>"; };
		646F4C41255EAABA00BE30EE /* StandardAlgorithm.xctest */ = {isa = PBXFileReference; explicitFileType = wrapper.cfbundle; includeInIndex = 0; path = StandardAlgorithm.xctest; sourceTree = BUILT_PRODUCTS_DIR; };
		646F4C54255EABA300BE30EE /* Standard Algorithms.appex */ = {isa = PBXFileReference; explicitFileType = "wrapper.app-extension"; includeInIndex = 0; path = "Standard Algorithms.appex"; sourceTree = BUILT_PRODUCTS_DIR; };
		646F4C6B255EABD900BE30EE /* StandardAlgorithmsTest.xctest */ = {isa = PBXFileReference; explicitFileType = wrapper.cfbundle; includeInIndex = 0; path = StandardAlgorithmsTest.xctest; sourceTree = BUILT_PRODUCTS_DIR; };
		646F4C6D255EABD900BE30EE /* StandardAlgorithmsTest.swift */ = {isa = PBXFileReference; lastKnownFileType = sourcecode.swift; path = StandardAlgorithmsTest.swift; sourceTree = "<group>"; };
		646F4C6F255EABD900BE30EE /* Info.plist */ = {isa = PBXFileReference; lastKnownFileType = text.plist.xml; path = Info.plist; sourceTree = "<group>"; };
		646F4C77255EABF500BE30EE /* SortingTest.swift */ = {isa = PBXFileReference; lastKnownFileType = sourcecode.swift; path = SortingTest.swift; sourceTree = "<group>"; };
		646F4C81255EACC200BE30EE /* Sorting.swift */ = {isa = PBXFileReference; lastKnownFileType = sourcecode.swift; path = Sorting.swift; sourceTree = "<group>"; };
		64DDAA332563D07D004372AD /* Searching.swift */ = {isa = PBXFileReference; lastKnownFileType = sourcecode.swift; path = Searching.swift; sourceTree = "<group>"; };
		6660412225642F0E001B6BCE /* SearchingTest.swift */ = {isa = PBXFileReference; lastKnownFileType = sourcecode.swift; path = SearchingTest.swift; sourceTree = "<group>"; };
		66D2D83F256BE4F00087A97A /* Unknown.txt */ = {isa = PBXFileReference; lastKnownFileType = text; path = Unknown.txt; sourceTree = "<group>"; };
/* End PBXFileReference section */

/* Begin PBXFrameworksBuildPhase section */
		645B197D255BF9B800175F7C /* Frameworks */ = {
			isa = PBXFrameworksBuildPhase;
			buildActionMask = 2147483647;
			files = (
			);
			runOnlyForDeploymentPostprocessing = 0;
		};
		646F4C3E255EAABA00BE30EE /* Frameworks */ = {
			isa = PBXFrameworksBuildPhase;
			buildActionMask = 2147483647;
			files = (
			);
			runOnlyForDeploymentPostprocessing = 0;
		};
		646F4C51255EABA300BE30EE /* Frameworks */ = {
			isa = PBXFrameworksBuildPhase;
			buildActionMask = 2147483647;
			files = (
			);
			runOnlyForDeploymentPostprocessing = 0;
		};
		646F4C68255EABD900BE30EE /* Frameworks */ = {
			isa = PBXFrameworksBuildPhase;
			buildActionMask = 2147483647;
			files = (
			);
			runOnlyForDeploymentPostprocessing = 0;
		};
/* End PBXFrameworksBuildPhase section */

/* Begin PBXGroup section */
		645B1977255BF9B800175F7C = {
			isa = PBXGroup;
			children = (
				645B1982255BF9B900175F7C /* StandardAlgorithms */,
				646F4C6C255EABD900BE30EE /* StandardAlgorithmsTest */,
				645B1981255BF9B900175F7C /* Products */,
			);
			sourceTree = "<group>";
		};
		645B1981255BF9B900175F7C /* Products */ = {
			isa = PBXGroup;
			children = (
				645B1980255BF9B900175F7C /* StandardAlgorithms */,
				646F4C41255EAABA00BE30EE /* StandardAlgorithm.xctest */,
				646F4C54255EABA300BE30EE /* Standard Algorithms.appex */,
				646F4C6B255EABD900BE30EE /* StandardAlgorithmsTest.xctest */,
			);
			name = Products;
			sourceTree = "<group>";
		};
		645B1982255BF9B900175F7C /* StandardAlgorithms */ = {
			isa = PBXGroup;
			children = (
				645B1983255BF9B900175F7C /* main.swift */,
				646F4C81255EACC200BE30EE /* Sorting.swift */,
				64DDAA332563D07D004372AD /* Searching.swift */,
				646C3A51256533F600643562 /* Unknown.swift */,
				66D2D83F256BE4F00087A97A /* Unknown.txt */,
			);
			path = StandardAlgorithms;
			sourceTree = "<group>";
		};
		646F4C6C255EABD900BE30EE /* StandardAlgorithmsTest */ = {
			isa = PBXGroup;
			children = (
				646F4C6D255EABD900BE30EE /* StandardAlgorithmsTest.swift */,
				646F4C6F255EABD900BE30EE /* Info.plist */,
				646F4C77255EABF500BE30EE /* SortingTest.swift */,
				6660412225642F0E001B6BCE /* SearchingTest.swift */,
				646C3A4B256533BE00643562 /* UnknownTest.swift */,
			);
			path = StandardAlgorithmsTest;
			sourceTree = "<group>";
		};
/* End PBXGroup section */

/* Begin PBXNativeTarget section */
		645B197F255BF9B800175F7C /* StandardAlgorithms */ = {
			isa = PBXNativeTarget;
			buildConfigurationList = 645B1987255BF9B900175F7C /* Build configuration list for PBXNativeTarget "StandardAlgorithms" */;
			buildPhases = (
				645B197C255BF9B800175F7C /* Sources */,
				645B197D255BF9B800175F7C /* Frameworks */,
				645B197E255BF9B800175F7C /* CopyFiles */,
			);
			buildRules = (
			);
			dependencies = (
			);
			name = StandardAlgorithms;
			productName = StandardAlgorithms;
			productReference = 645B1980255BF9B900175F7C /* StandardAlgorithms */;
			productType = "com.apple.product-type.tool";
		};
		646F4C40255EAABA00BE30EE /* StandardAlgorithm */ = {
			isa = PBXNativeTarget;
			buildConfigurationList = 646F4C48255EAABB00BE30EE /* Build configuration list for PBXNativeTarget "StandardAlgorithm" */;
			buildPhases = (
				646F4C3D255EAABA00BE30EE /* Sources */,
				646F4C3E255EAABA00BE30EE /* Frameworks */,
				646F4C3F255EAABA00BE30EE /* Resources */,
			);
			buildRules = (
			);
			dependencies = (
			);
			name = StandardAlgorithm;
			productName = StandardAlgorithm;
			productReference = 646F4C41255EAABA00BE30EE /* StandardAlgorithm.xctest */;
			productType = "com.apple.product-type.bundle.unit-test";
		};
		646F4C53255EABA300BE30EE /* Standard Algorithms */ = {
			isa = PBXNativeTarget;
			buildConfigurationList = 646F4C63255EABA300BE30EE /* Build configuration list for PBXNativeTarget "Standard Algorithms" */;
			buildPhases = (
				646F4C50255EABA300BE30EE /* Sources */,
				646F4C51255EABA300BE30EE /* Frameworks */,
				646F4C52255EABA300BE30EE /* Resources */,
			);
			buildRules = (
			);
			dependencies = (
			);
			name = "Standard Algorithms";
			productName = "Standard Algorithms";
			productReference = 646F4C54255EABA300BE30EE /* Standard Algorithms.appex */;
			productType = "com.apple.product-type.app-extension";
		};
		646F4C6A255EABD900BE30EE /* StandardAlgorithmsTest */ = {
			isa = PBXNativeTarget;
			buildConfigurationList = 646F4C70255EABD900BE30EE /* Build configuration list for PBXNativeTarget "StandardAlgorithmsTest" */;
			buildPhases = (
				646F4C67255EABD900BE30EE /* Sources */,
				646F4C68255EABD900BE30EE /* Frameworks */,
				646F4C69255EABD900BE30EE /* Resources */,
			);
			buildRules = (
			);
			dependencies = (
			);
			name = StandardAlgorithmsTest;
			productName = StandardAlgorithmsTest;
			productReference = 646F4C6B255EABD900BE30EE /* StandardAlgorithmsTest.xctest */;
			productType = "com.apple.product-type.bundle.unit-test";
		};
/* End PBXNativeTarget section */

/* Begin PBXProject section */
		645B1978255BF9B800175F7C /* Project object */ = {
			isa = PBXProject;
			attributes = {
				LastSwiftUpdateCheck = 1220;
				LastUpgradeCheck = 1210;
				TargetAttributes = {
					645B197F255BF9B800175F7C = {
						CreatedOnToolsVersion = 12.1;
					};
					646F4C40255EAABA00BE30EE = {
						CreatedOnToolsVersion = 12.2;
					};
					646F4C53255EABA300BE30EE = {
						CreatedOnToolsVersion = 12.2;
					};
					646F4C6A255EABD900BE30EE = {
						CreatedOnToolsVersion = 12.2;
					};
				};
			};
			buildConfigurationList = 645B197B255BF9B800175F7C /* Build configuration list for PBXProject "StandardAlgorithms" */;
			compatibilityVersion = "Xcode 9.3";
			developmentRegion = en;
			hasScannedForEncodings = 0;
			knownRegions = (
				en,
				Base,
			);
			mainGroup = 645B1977255BF9B800175F7C;
			productRefGroup = 645B1981255BF9B900175F7C /* Products */;
			projectDirPath = "";
			projectRoot = "";
			targets = (
				645B197F255BF9B800175F7C /* StandardAlgorithms */,
				646F4C40255EAABA00BE30EE /* StandardAlgorithm */,
				646F4C53255EABA300BE30EE /* Standard Algorithms */,
				646F4C6A255EABD900BE30EE /* StandardAlgorithmsTest */,
			);
		};
/* End PBXProject section */

/* Begin PBXResourcesBuildPhase section */
		646F4C3F255EAABA00BE30EE /* Resources */ = {
			isa = PBXResourcesBuildPhase;
			buildActionMask = 2147483647;
			files = (
				646F4C4D255EAB2400BE30EE /* StandardAlgorithm.xctest in Resources */,
			);
			runOnlyForDeploymentPostprocessing = 0;
		};
		646F4C52255EABA300BE30EE /* Resources */ = {
			isa = PBXResourcesBuildPhase;
			buildActionMask = 2147483647;
			files = (
			);
			runOnlyForDeploymentPostprocessing = 0;
		};
		646F4C69255EABD900BE30EE /* Resources */ = {
			isa = PBXResourcesBuildPhase;
			buildActionMask = 2147483647;
			files = (
			);
			runOnlyForDeploymentPostprocessing = 0;
		};
/* End PBXResourcesBuildPhase section */

/* Begin PBXSourcesBuildPhase section */
		645B197C255BF9B800175F7C /* Sources */ = {
			isa = PBXSourcesBuildPhase;
			buildActionMask = 2147483647;
			files = (
				646C3A52256533F600643562 /* Unknown.swift in Sources */,
				64DDAA342563D07D004372AD /* Searching.swift in Sources */,
				646F4C82255EACC200BE30EE /* Sorting.swift in Sources */,
				645B1984255BF9B900175F7C /* main.swift in Sources */,
			);
			runOnlyForDeploymentPostprocessing = 0;
		};
		646F4C3D255EAABA00BE30EE /* Sources */ = {
			isa = PBXSourcesBuildPhase;
			buildActionMask = 2147483647;
			files = (
			);
			runOnlyForDeploymentPostprocessing = 0;
		};
		646F4C50255EABA300BE30EE /* Sources */ = {
			isa = PBXSourcesBuildPhase;
			buildActionMask = 2147483647;
			files = (
			);
			runOnlyForDeploymentPostprocessing = 0;
		};
		646F4C67255EABD900BE30EE /* Sources */ = {
			isa = PBXSourcesBuildPhase;
			buildActionMask = 2147483647;
			files = (
				66F9B55D2565796100AF517E /* Searching.swift in Sources */,
				646F4C87255EAD0700BE30EE /* Sorting.swift in Sources */,
				666FAAC72569723E0000D2D3 /* main.swift in Sources */,
				646F4C78255EABF500BE30EE /* SortingTest.swift in Sources */,
				6660412325642F0E001B6BCE /* SearchingTest.swift in Sources */,
				646C3A4C256533BE00643562 /* UnknownTest.swift in Sources */,
				66F39D6525667857007B25FB /* Unknown.swift in Sources */,
				646F4C6E255EABD900BE30EE /* StandardAlgorithmsTest.swift in Sources */,
			);
			runOnlyForDeploymentPostprocessing = 0;
		};
/* End PBXSourcesBuildPhase section */

/* Begin XCBuildConfiguration section */
		645B1985255BF9B900175F7C /* Debug */ = {
			isa = XCBuildConfiguration;
			buildSettings = {
				ALWAYS_SEARCH_USER_PATHS = NO;
				CLANG_ANALYZER_NONNULL = YES;
				CLANG_ANALYZER_NUMBER_OBJECT_CONVERSION = YES_AGGRESSIVE;
				CLANG_CXX_LANGUAGE_STANDARD = "gnu++14";
				CLANG_CXX_LIBRARY = "libc++";
				CLANG_ENABLE_MODULES = YES;
				CLANG_ENABLE_OBJC_ARC = YES;
				CLANG_ENABLE_OBJC_WEAK = YES;
				CLANG_WARN_BLOCK_CAPTURE_AUTORELEASING = YES;
				CLANG_WARN_BOOL_CONVERSION = YES;
				CLANG_WARN_COMMA = YES;
				CLANG_WARN_CONSTANT_CONVERSION = YES;
				CLANG_WARN_DEPRECATED_OBJC_IMPLEMENTATIONS = YES;
				CLANG_WARN_DIRECT_OBJC_ISA_USAGE = YES_ERROR;
				CLANG_WARN_DOCUMENTATION_COMMENTS = YES;
				CLANG_WARN_EMPTY_BODY = YES;
				CLANG_WARN_ENUM_CONVERSION = YES;
				CLANG_WARN_INFINITE_RECURSION = YES;
				CLANG_WARN_INT_CONVERSION = YES;
				CLANG_WARN_NON_LITERAL_NULL_CONVERSION = YES;
				CLANG_WARN_OBJC_IMPLICIT_RETAIN_SELF = YES;
				CLANG_WARN_OBJC_LITERAL_CONVERSION = YES;
				CLANG_WARN_OBJC_ROOT_CLASS = YES_ERROR;
				CLANG_WARN_QUOTED_INCLUDE_IN_FRAMEWORK_HEADER = YES;
				CLANG_WARN_RANGE_LOOP_ANALYSIS = YES;
				CLANG_WARN_STRICT_PROTOTYPES = YES;
				CLANG_WARN_SUSPICIOUS_MOVE = YES;
				CLANG_WARN_UNGUARDED_AVAILABILITY = YES_AGGRESSIVE;
				CLANG_WARN_UNREACHABLE_CODE = YES;
				CLANG_WARN__DUPLICATE_METHOD_MATCH = YES;
				COPY_PHASE_STRIP = NO;
				DEBUG_INFORMATION_FORMAT = dwarf;
				ENABLE_STRICT_OBJC_MSGSEND = YES;
				ENABLE_TESTABILITY = YES;
				GCC_C_LANGUAGE_STANDARD = gnu11;
				GCC_DYNAMIC_NO_PIC = NO;
				GCC_NO_COMMON_BLOCKS = YES;
				GCC_OPTIMIZATION_LEVEL = 0;
				GCC_PREPROCESSOR_DEFINITIONS = (
					"DEBUG=1",
					"$(inherited)",
				);
				GCC_WARN_64_TO_32_BIT_CONVERSION = YES;
				GCC_WARN_ABOUT_RETURN_TYPE = YES_ERROR;
				GCC_WARN_UNDECLARED_SELECTOR = YES;
				GCC_WARN_UNINITIALIZED_AUTOS = YES_AGGRESSIVE;
				GCC_WARN_UNUSED_FUNCTION = YES;
				GCC_WARN_UNUSED_VARIABLE = YES;
				MACOSX_DEPLOYMENT_TARGET = 10.15;
				MTL_ENABLE_DEBUG_INFO = INCLUDE_SOURCE;
				MTL_FAST_MATH = YES;
				ONLY_ACTIVE_ARCH = YES;
				SDKROOT = macosx;
				SWIFT_ACTIVE_COMPILATION_CONDITIONS = DEBUG;
				SWIFT_OPTIMIZATION_LEVEL = "-Onone";
			};
			name = Debug;
		};
		645B1986255BF9B900175F7C /* Release */ = {
			isa = XCBuildConfiguration;
			buildSettings = {
				ALWAYS_SEARCH_USER_PATHS = NO;
				CLANG_ANALYZER_NONNULL = YES;
				CLANG_ANALYZER_NUMBER_OBJECT_CONVERSION = YES_AGGRESSIVE;
				CLANG_CXX_LANGUAGE_STANDARD = "gnu++14";
				CLANG_CXX_LIBRARY = "libc++";
				CLANG_ENABLE_MODULES = YES;
				CLANG_ENABLE_OBJC_ARC = YES;
				CLANG_ENABLE_OBJC_WEAK = YES;
				CLANG_WARN_BLOCK_CAPTURE_AUTORELEASING = YES;
				CLANG_WARN_BOOL_CONVERSION = YES;
				CLANG_WARN_COMMA = YES;
				CLANG_WARN_CONSTANT_CONVERSION = YES;
				CLANG_WARN_DEPRECATED_OBJC_IMPLEMENTATIONS = YES;
				CLANG_WARN_DIRECT_OBJC_ISA_USAGE = YES_ERROR;
				CLANG_WARN_DOCUMENTATION_COMMENTS = YES;
				CLANG_WARN_EMPTY_BODY = YES;
				CLANG_WARN_ENUM_CONVERSION = YES;
				CLANG_WARN_INFINITE_RECURSION = YES;
				CLANG_WARN_INT_CONVERSION = YES;
				CLANG_WARN_NON_LITERAL_NULL_CONVERSION = YES;
				CLANG_WARN_OBJC_IMPLICIT_RETAIN_SELF = YES;
				CLANG_WARN_OBJC_LITERAL_CONVERSION = YES;
				CLANG_WARN_OBJC_ROOT_CLASS = YES_ERROR;
				CLANG_WARN_QUOTED_INCLUDE_IN_FRAMEWORK_HEADER = YES;
				CLANG_WARN_RANGE_LOOP_ANALYSIS = YES;
				CLANG_WARN_STRICT_PROTOTYPES = YES;
				CLANG_WARN_SUSPICIOUS_MOVE = YES;
				CLANG_WARN_UNGUARDED_AVAILABILITY = YES_AGGRESSIVE;
				CLANG_WARN_UNREACHABLE_CODE = YES;
				CLANG_WARN__DUPLICATE_METHOD_MATCH = YES;
				COPY_PHASE_STRIP = NO;
				DEBUG_INFORMATION_FORMAT = "dwarf-with-dsym";
				ENABLE_NS_ASSERTIONS = NO;
				ENABLE_STRICT_OBJC_MSGSEND = YES;
				GCC_C_LANGUAGE_STANDARD = gnu11;
				GCC_NO_COMMON_BLOCKS = YES;
				GCC_WARN_64_TO_32_BIT_CONVERSION = YES;
				GCC_WARN_ABOUT_RETURN_TYPE = YES_ERROR;
				GCC_WARN_UNDECLARED_SELECTOR = YES;
				GCC_WARN_UNINITIALIZED_AUTOS = YES_AGGRESSIVE;
				GCC_WARN_UNUSED_FUNCTION = YES;
				GCC_WARN_UNUSED_VARIABLE = YES;
				MACOSX_DEPLOYMENT_TARGET = 10.15;
				MTL_ENABLE_DEBUG_INFO = NO;
				MTL_FAST_MATH = YES;
				SDKROOT = macosx;
				SWIFT_COMPILATION_MODE = wholemodule;
				SWIFT_OPTIMIZATION_LEVEL = "-O";
			};
			name = Release;
		};
		645B1988255BF9B900175F7C /* Debug */ = {
			isa = XCBuildConfiguration;
			buildSettings = {
				CODE_SIGN_STYLE = Automatic;
				PRODUCT_NAME = "$(TARGET_NAME)";
				SWIFT_VERSION = 5.0;
			};
			name = Debug;
		};
		645B1989255BF9B900175F7C /* Release */ = {
			isa = XCBuildConfiguration;
			buildSettings = {
				CODE_SIGN_STYLE = Automatic;
				PRODUCT_NAME = "$(TARGET_NAME)";
				SWIFT_VERSION = 5.0;
			};
			name = Release;
		};
		646F4C46255EAABA00BE30EE /* Debug */ = {
			isa = XCBuildConfiguration;
			buildSettings = {
				CODE_SIGN_STYLE = Automatic;
				COMBINE_HIDPI_IMAGES = YES;
				INFOPLIST_FILE = StandardAlgorithm/Info.plist;
				LD_RUNPATH_SEARCH_PATHS = (
					"$(inherited)",
					"@executable_path/../Frameworks",
					"@loader_path/../Frameworks",
				);
				PRODUCT_BUNDLE_IDENTIFIER = com.zhenglongwu.StandardAlgorithm;
				PRODUCT_NAME = "$(TARGET_NAME)";
				SWIFT_VERSION = 5.0;
			};
			name = Debug;
		};
		646F4C47255EAABA00BE30EE /* Release */ = {
			isa = XCBuildConfiguration;
			buildSettings = {
				CODE_SIGN_STYLE = Automatic;
				COMBINE_HIDPI_IMAGES = YES;
				INFOPLIST_FILE = StandardAlgorithm/Info.plist;
				LD_RUNPATH_SEARCH_PATHS = (
					"$(inherited)",
					"@executable_path/../Frameworks",
					"@loader_path/../Frameworks",
				);
				PRODUCT_BUNDLE_IDENTIFIER = com.zhenglongwu.StandardAlgorithm;
				PRODUCT_NAME = "$(TARGET_NAME)";
				SWIFT_VERSION = 5.0;
			};
			name = Release;
		};
		646F4C61255EABA300BE30EE /* Debug */ = {
			isa = XCBuildConfiguration;
			buildSettings = {
				CODE_SIGN_ENTITLEMENTS = "Standard Algorithms/Standard_Algorithms.entitlements";
				CODE_SIGN_STYLE = Automatic;
				COMBINE_HIDPI_IMAGES = YES;
				INFOPLIST_FILE = "Standard Algorithms/Info.plist";
				LD_RUNPATH_SEARCH_PATHS = (
					"$(inherited)",
					"@executable_path/../Frameworks",
					"@executable_path/../../../../Frameworks",
				);
				PRODUCT_BUNDLE_IDENTIFIER = "com.zhenglongwu.Standard-Algorithms";
				PRODUCT_NAME = "$(TARGET_NAME)";
				SKIP_INSTALL = YES;
				SWIFT_VERSION = 5.0;
			};
			name = Debug;
		};
		646F4C62255EABA300BE30EE /* Release */ = {
			isa = XCBuildConfiguration;
			buildSettings = {
				CODE_SIGN_ENTITLEMENTS = "Standard Algorithms/Standard_Algorithms.entitlements";
				CODE_SIGN_STYLE = Automatic;
				COMBINE_HIDPI_IMAGES = YES;
				INFOPLIST_FILE = "Standard Algorithms/Info.plist";
				LD_RUNPATH_SEARCH_PATHS = (
					"$(inherited)",
					"@executable_path/../Frameworks",
					"@executable_path/../../../../Frameworks",
				);
				PRODUCT_BUNDLE_IDENTIFIER = "com.zhenglongwu.Standard-Algorithms";
				PRODUCT_NAME = "$(TARGET_NAME)";
				SKIP_INSTALL = YES;
				SWIFT_VERSION = 5.0;
			};
			name = Release;
		};
		646F4C71255EABD900BE30EE /* Debug */ = {
			isa = XCBuildConfiguration;
			buildSettings = {
				CODE_SIGN_STYLE = Automatic;
				COMBINE_HIDPI_IMAGES = YES;
				INFOPLIST_FILE = StandardAlgorithmsTest/Info.plist;
				LD_RUNPATH_SEARCH_PATHS = (
					"$(inherited)",
					"@executable_path/../Frameworks",
					"@loader_path/../Frameworks",
				);
				PRODUCT_BUNDLE_IDENTIFIER = com.zhenglongwu.StandardAlgorithmsTest;
				PRODUCT_NAME = "$(TARGET_NAME)";
				SWIFT_VERSION = 5.0;
			};
			name = Debug;
		};
		646F4C72255EABD900BE30EE /* Release */ = {
			isa = XCBuildConfiguration;
			buildSettings = {
				CODE_SIGN_STYLE = Automatic;
				COMBINE_HIDPI_IMAGES = YES;
				INFOPLIST_FILE = StandardAlgorithmsTest/Info.plist;
				LD_RUNPATH_SEARCH_PATHS = (
					"$(inherited)",
					"@executable_path/../Frameworks",
					"@loader_path/../Frameworks",
				);
				PRODUCT_BUNDLE_IDENTIFIER = com.zhenglongwu.StandardAlgorithmsTest;
				PRODUCT_NAME = "$(TARGET_NAME)";
				SWIFT_VERSION = 5.0;
			};
			name = Release;
		};
/* End XCBuildConfiguration section */

/* Begin XCConfigurationList section */
		645B197B255BF9B800175F7C /* Build configuration list for PBXProject "StandardAlgorithms" */ = {
			isa = XCConfigurationList;
			buildConfigurations = (
				645B1985255BF9B900175F7C /* Debug */,
				645B1986255BF9B900175F7C /* Release */,
			);
			defaultConfigurationIsVisible = 0;
			defaultConfigurationName = Release;
		};
		645B1987255BF9B900175F7C /* Build configuration list for PBXNativeTarget "StandardAlgorithms" */ = {
			isa = XCConfigurationList;
			buildConfigurations = (
				645B1988255BF9B900175F7C /* Debug */,
				645B1989255BF9B900175F7C /* Release */,
			);
			defaultConfigurationIsVisible = 0;
			defaultConfigurationName = Release;
		};
		646F4C48255EAABB00BE30EE /* Build configuration list for PBXNativeTarget "StandardAlgorithm" */ = {
			isa = XCConfigurationList;
			buildConfigurations = (
				646F4C46255EAABA00BE30EE /* Debug */,
				646F4C47255EAABA00BE30EE /* Release */,
			);
			defaultConfigurationIsVisible = 0;
			defaultConfigurationName = Release;
		};
		646F4C63255EABA300BE30EE /* Build configuration list for PBXNativeTarget "Standard Algorithms" */ = {
			isa = XCConfigurationList;
			buildConfigurations = (
				646F4C61255EABA300BE30EE /* Debug */,
				646F4C62255EABA300BE30EE /* Release */,
			);
			defaultConfigurationIsVisible = 0;
			defaultConfigurationName = Release;
		};
		646F4C70255EABD900BE30EE /* Build configuration list for PBXNativeTarget "StandardAlgorithmsTest" */ = {
			isa = XCConfigurationList;
			buildConfigurations = (
				646F4C71255EABD900BE30EE /* Debug */,
				646F4C72255EABD900BE30EE /* Release */,
			);
			defaultConfigurationIsVisible = 0;
			defaultConfigurationName = Release;
		};
/* End XCConfigurationList section */
	};
	rootObject = 645B1978255BF9B800175F7C /* Project object */;
}
